// !$*UTF8*$!
{
	archiveVersion = 1;
	classes = {
	};
	objectVersion = 46;
	objects = {

/* Begin PBXBuildFile section */
		CB1E7E601C0707910016890A /* AppDelegate.swift in Sources */ = {isa = PBXBuildFile; fileRef = CB1E7E5F1C0707910016890A /* AppDelegate.swift */; };
		CB1E7E621C0707910016890A /* ViewController.swift in Sources */ = {isa = PBXBuildFile; fileRef = CB1E7E611C0707910016890A /* ViewController.swift */; };
		CB1E7E651C0707910016890A /* Main.storyboard in Resources */ = {isa = PBXBuildFile; fileRef = CB1E7E631C0707910016890A /* Main.storyboard */; };
		CB1E7E671C0707910016890A /* Assets.xcassets in Resources */ = {isa = PBXBuildFile; fileRef = CB1E7E661C0707910016890A /* Assets.xcassets */; };
		CB1E7E6A1C0707910016890A /* LaunchScreen.storyboard in Resources */ = {isa = PBXBuildFile; fileRef = CB1E7E681C0707910016890A /* LaunchScreen.storyboard */; };
		CB745C701CC8A0BA0023C4C2 /* HTTPDNS.framework in Frameworks */ = {isa = PBXBuildFile; fileRef = CB745C691CC8A0AF0023C4C2 /* HTTPDNS.framework */; settings = {ATTRIBUTES = (Required, ); }; };
		CB745C741CC8A65F0023C4C2 /* HTTPDNS.framework in Embed Frameworks */ = {isa = PBXBuildFile; fileRef = CB745C691CC8A0AF0023C4C2 /* HTTPDNS.framework */; settings = {ATTRIBUTES = (CodeSignOnCopy, RemoveHeadersOnCopy, ); }; };
/* End PBXBuildFile section */

/* Begin PBXContainerItemProxy section */
		CB745C681CC8A0AF0023C4C2 /* PBXContainerItemProxy */ = {
			isa = PBXContainerItemProxy;
			containerPortal = CB745C611CC8A0AF0023C4C2 /* HTTPDNS.xcodeproj */;
			proxyType = 2;
			remoteGlobalIDString = CB9C76441C1D544A003502B6;
			remoteInfo = "HTTPDNS iOS";
		};
		CB745C6A1CC8A0AF0023C4C2 /* PBXContainerItemProxy */ = {
			isa = PBXContainerItemProxy;
			containerPortal = CB745C611CC8A0AF0023C4C2 /* HTTPDNS.xcodeproj */;
			proxyType = 2;
			remoteGlobalIDString = CB9C76581C1D5451003502B6;
			remoteInfo = "HTTPDNS OSX";
		};
		CB745C6C1CC8A0AF0023C4C2 /* PBXContainerItemProxy */ = {
			isa = PBXContainerItemProxy;
			containerPortal = CB745C611CC8A0AF0023C4C2 /* HTTPDNS.xcodeproj */;
			proxyType = 2;
			remoteGlobalIDString = CB5BBFA11C42149300564786;
			remoteInfo = "HTTPDNSTests iOS";
		};
		CB745C6E1CC8A0AF0023C4C2 /* PBXContainerItemProxy */ = {
			isa = PBXContainerItemProxy;
			containerPortal = CB745C611CC8A0AF0023C4C2 /* HTTPDNS.xcodeproj */;
			proxyType = 2;
			remoteGlobalIDString = CB5BBFB71C4214E500564786;
			remoteInfo = "HTTPDNSTests OSX";
		};
		CB745C711CC8A1730023C4C2 /* PBXContainerItemProxy */ = {
			isa = PBXContainerItemProxy;
			containerPortal = CB745C611CC8A0AF0023C4C2 /* HTTPDNS.xcodeproj */;
			proxyType = 1;
			remoteGlobalIDString = CB9C76431C1D544A003502B6;
			remoteInfo = "HTTPDNS iOS";
		};
		CB745C751CC8A65F0023C4C2 /* PBXContainerItemProxy */ = {
			isa = PBXContainerItemProxy;
			containerPortal = CB745C611CC8A0AF0023C4C2 /* HTTPDNS.xcodeproj */;
			proxyType = 1;
			remoteGlobalIDString = CB9C76431C1D544A003502B6;
			remoteInfo = "HTTPDNS iOS";
		};
/* End PBXContainerItemProxy section */

/* Begin PBXCopyFilesBuildPhase section */
		CB745C771CC8A65F0023C4C2 /* Embed Frameworks */ = {
			isa = PBXCopyFilesBuildPhase;
			buildActionMask = 2147483647;
			dstPath = "";
			dstSubfolderSpec = 10;
			files = (
				CB745C741CC8A65F0023C4C2 /* HTTPDNS.framework in Embed Frameworks */,
			);
			name = "Embed Frameworks";
			runOnlyForDeploymentPostprocessing = 0;
		};
/* End PBXCopyFilesBuildPhase section */

/* Begin PBXFileReference section */
		CB1E7E5C1C0707910016890A /* HTTPDNS-SwiftDemo.app */ = {isa = PBXFileReference; explicitFileType = wrapper.application; includeInIndex = 0; path = "HTTPDNS-SwiftDemo.app"; sourceTree = BUILT_PRODUCTS_DIR; };
		CB1E7E5F1C0707910016890A /* AppDelegate.swift */ = {isa = PBXFileReference; lastKnownFileType = sourcecode.swift; path = AppDelegate.swift; sourceTree = "<group>"; };
		CB1E7E611C0707910016890A /* ViewController.swift */ = {isa = PBXFileReference; lastKnownFileType = sourcecode.swift; path = ViewController.swift; sourceTree = "<group>"; };
		CB1E7E641C0707910016890A /* Base */ = {isa = PBXFileReference; lastKnownFileType = file.storyboard; name = Base; path = Base.lproj/Main.storyboard; sourceTree = "<group>"; };
		CB1E7E661C0707910016890A /* Assets.xcassets */ = {isa = PBXFileReference; lastKnownFileType = folder.assetcatalog; path = Assets.xcassets; sourceTree = "<group>"; };
		CB1E7E691C0707910016890A /* Base */ = {isa = PBXFileReference; lastKnownFileType = file.storyboard; name = Base; path = Base.lproj/LaunchScreen.storyboard; sourceTree = "<group>"; };
		CB1E7E6B1C0707910016890A /* Info.plist */ = {isa = PBXFileReference; lastKnownFileType = text.plist.xml; path = Info.plist; sourceTree = "<group>"; };
		CB745C611CC8A0AF0023C4C2 /* HTTPDNS.xcodeproj */ = {isa = PBXFileReference; lastKnownFileType = "wrapper.pb-project"; path = HTTPDNS.xcodeproj; sourceTree = "<group>"; };
/* End PBXFileReference section */

/* Begin PBXFrameworksBuildPhase section */
		CB1E7E591C0707910016890A /* Frameworks */ = {
			isa = PBXFrameworksBuildPhase;
			buildActionMask = 2147483647;
			files = (
				CB745C701CC8A0BA0023C4C2 /* HTTPDNS.framework in Frameworks */,
			);
			runOnlyForDeploymentPostprocessing = 0;
		};
/* End PBXFrameworksBuildPhase section */

/* Begin PBXGroup section */
		CB1E7E531C0707910016890A = {
			isa = PBXGroup;
			children = (
				CB745C611CC8A0AF0023C4C2 /* HTTPDNS.xcodeproj */,
				CB1E7E5E1C0707910016890A /* HTTPDNS-SwiftDemo */,
				CB1E7E5D1C0707910016890A /* Products */,
			);
			sourceTree = "<group>";
		};
		CB1E7E5D1C0707910016890A /* Products */ = {
			isa = PBXGroup;
			children = (
				CB1E7E5C1C0707910016890A /* HTTPDNS-SwiftDemo.app */,
			);
			name = Products;
			sourceTree = "<group>";
		};
		CB1E7E5E1C0707910016890A /* HTTPDNS-SwiftDemo */ = {
			isa = PBXGroup;
			children = (
				CB1E7E5F1C0707910016890A /* AppDelegate.swift */,
				CB1E7E611C0707910016890A /* ViewController.swift */,
				CB1E7E631C0707910016890A /* Main.storyboard */,
				CB1E7E661C0707910016890A /* Assets.xcassets */,
				CB1E7E681C0707910016890A /* LaunchScreen.storyboard */,
				CB1E7E6B1C0707910016890A /* Info.plist */,
			);
			path = "HTTPDNS-SwiftDemo";
			sourceTree = "<group>";
		};
		CB745C621CC8A0AF0023C4C2 /* Products */ = {
			isa = PBXGroup;
			children = (
				CB745C691CC8A0AF0023C4C2 /* HTTPDNS.framework */,
				CB745C6B1CC8A0AF0023C4C2 /* HTTPDNS.framework */,
				CB745C6D1CC8A0AF0023C4C2 /* HTTPDNSTests iOS.xctest */,
				CB745C6F1CC8A0AF0023C4C2 /* HTTPDNSTests OSX.xctest */,
			);
			name = Products;
			sourceTree = "<group>";
		};
/* End PBXGroup section */

/* Begin PBXNativeTarget section */
		CB1E7E5B1C0707910016890A /* HTTPDNS-SwiftDemo */ = {
			isa = PBXNativeTarget;
			buildConfigurationList = CB1E7E6E1C0707910016890A /* Build configuration list for PBXNativeTarget "HTTPDNS-SwiftDemo" */;
			buildPhases = (
				CB1E7E581C0707910016890A /* Sources */,
				CB1E7E591C0707910016890A /* Frameworks */,
				CB1E7E5A1C0707910016890A /* Resources */,
				CB745C771CC8A65F0023C4C2 /* Embed Frameworks */,
			);
			buildRules = (
			);
			dependencies = (
				CB745C721CC8A1730023C4C2 /* PBXTargetDependency */,
				CB745C761CC8A65F0023C4C2 /* PBXTargetDependency */,
			);
			name = "HTTPDNS-SwiftDemo";
			productName = "HTTPDNS-SwiftDemo";
			productReference = CB1E7E5C1C0707910016890A /* HTTPDNS-SwiftDemo.app */;
			productType = "com.apple.product-type.application";
		};
/* End PBXNativeTarget section */

/* Begin PBXProject section */
		CB1E7E541C0707910016890A /* Project object */ = {
			isa = PBXProject;
			attributes = {
				LastSwiftUpdateCheck = 0710;
				LastUpgradeCheck = 0710;
				ORGANIZATIONNAME = Yourtion;
				TargetAttributes = {
					CB1E7E5B1C0707910016890A = {
						CreatedOnToolsVersion = 7.1.1;
					};
				};
			};
			buildConfigurationList = CB1E7E571C0707910016890A /* Build configuration list for PBXProject "HTTPDNS-SwiftDemo" */;
			compatibilityVersion = "Xcode 3.2";
			developmentRegion = English;
			hasScannedForEncodings = 0;
			knownRegions = (
				en,
				Base,
			);
			mainGroup = CB1E7E531C0707910016890A;
			productRefGroup = CB1E7E5D1C0707910016890A /* Products */;
			projectDirPath = "";
			projectReferences = (
				{
					ProductGroup = CB745C621CC8A0AF0023C4C2 /* Products */;
					ProjectRef = CB745C611CC8A0AF0023C4C2 /* HTTPDNS.xcodeproj */;
				},
			);
			projectRoot = "";
			targets = (
				CB1E7E5B1C0707910016890A /* HTTPDNS-SwiftDemo */,
			);
		};
/* End PBXProject section */

/* Begin PBXReferenceProxy section */
		CB745C691CC8A0AF0023C4C2 /* HTTPDNS.framework */ = {
			isa = PBXReferenceProxy;
			fileType = wrapper.framework;
			path = HTTPDNS.framework;
			remoteRef = CB745C681CC8A0AF0023C4C2 /* PBXContainerItemProxy */;
			sourceTree = BUILT_PRODUCTS_DIR;
		};
		CB745C6B1CC8A0AF0023C4C2 /* HTTPDNS.framework */ = {
			isa = PBXReferenceProxy;
			fileType = wrapper.framework;
			path = HTTPDNS.framework;
			remoteRef = CB745C6A1CC8A0AF0023C4C2 /* PBXContainerItemProxy */;
			sourceTree = BUILT_PRODUCTS_DIR;
		};
		CB745C6D1CC8A0AF0023C4C2 /* HTTPDNSTests iOS.xctest */ = {
			isa = PBXReferenceProxy;
			fileType = wrapper.cfbundle;
			path = "HTTPDNSTests iOS.xctest";
			remoteRef = CB745C6C1CC8A0AF0023C4C2 /* PBXContainerItemProxy */;
			sourceTree = BUILT_PRODUCTS_DIR;
		};
		CB745C6F1CC8A0AF0023C4C2 /* HTTPDNSTests OSX.xctest */ = {
			isa = PBXReferenceProxy;
			fileType = wrapper.cfbundle;
			path = "HTTPDNSTests OSX.xctest";
			remoteRef = CB745C6E1CC8A0AF0023C4C2 /* PBXContainerItemProxy */;
			sourceTree = BUILT_PRODUCTS_DIR;
		};
/* End PBXReferenceProxy section */

/* Begin PBXResourcesBuildPhase section */
		CB1E7E5A1C0707910016890A /* Resources */ = {
			isa = PBXResourcesBuildPhase;
			buildActionMask = 2147483647;
			files = (
				CB1E7E6A1C0707910016890A /* LaunchScreen.storyboard in Resources */,
				CB1E7E671C0707910016890A /* Assets.xcassets in Resources */,
				CB1E7E651C0707910016890A /* Main.storyboard in Resources */,
			);
			runOnlyForDeploymentPostprocessing = 0;
		};
/* End PBXResourcesBuildPhase section */

/* Begin PBXSourcesBuildPhase section */
		CB1E7E581C0707910016890A /* Sources */ = {
			isa = PBXSourcesBuildPhase;
			buildActionMask = 2147483647;
			files = (
				CB1E7E621C0707910016890A /* ViewController.swift in Sources */,
				CB1E7E601C0707910016890A /* AppDelegate.swift in Sources */,
			);
			runOnlyForDeploymentPostprocessing = 0;
		};
/* End PBXSourcesBuildPhase section */

/* Begin PBXTargetDependency section */
		CB745C721CC8A1730023C4C2 /* PBXTargetDependency */ = {
			isa = PBXTargetDependency;
			name = "HTTPDNS iOS";
			targetProxy = CB745C711CC8A1730023C4C2 /* PBXContainerItemProxy */;
		};
		CB745C761CC8A65F0023C4C2 /* PBXTargetDependency */ = {
			isa = PBXTargetDependency;
			name = "HTTPDNS iOS";
			targetProxy = CB745C751CC8A65F0023C4C2 /* PBXContainerItemProxy */;
		};
/* End PBXTargetDependency section */

/* Begin PBXVariantGroup section */
		CB1E7E631C0707910016890A /* Main.storyboard */ = {
			isa = PBXVariantGroup;
			children = (
				CB1E7E641C0707910016890A /* Base */,
			);
			name = Main.storyboard;
			sourceTree = "<group>";
		};
		CB1E7E681C0707910016890A /* LaunchScreen.storyboard */ = {
			isa = PBXVariantGroup;
			children = (
				CB1E7E691C0707910016890A /* Base */,
			);
			name = LaunchScreen.storyboard;
			sourceTree = "<group>";
		};
/* End PBXVariantGroup section */

/* Begin XCBuildConfiguration section */
		CB1E7E6C1C0707910016890A /* Debug */ = {
			isa = XCBuildConfiguration;
			buildSettings = {
				ALWAYS_SEARCH_USER_PATHS = NO;
				CLANG_CXX_LANGUAGE_STANDARD = "gnu++0x";
				CLANG_CXX_LIBRARY = "libc++";
				CLANG_ENABLE_MODULES = YES;
				CLANG_ENABLE_OBJC_ARC = YES;
				CLANG_WARN_BOOL_CONVERSION = YES;
				CLANG_WARN_CONSTANT_CONVERSION = YES;
				CLANG_WARN_DIRECT_OBJC_ISA_USAGE = YES_ERROR;
				CLANG_WARN_EMPTY_BODY = YES;
				CLANG_WARN_ENUM_CONVERSION = YES;
				CLANG_WARN_INT_CONVERSION = YES;
				CLANG_WARN_OBJC_ROOT_CLASS = YES_ERROR;
				CLANG_WARN_UNREACHABLE_CODE = YES;
				CLANG_WARN__DUPLICATE_METHOD_MATCH = YES;
				"CODE_SIGN_IDENTITY[sdk=iphoneos*]" = "iPhone Developer";
				COPY_PHASE_STRIP = NO;
				DEBUG_INFORMATION_FORMAT = dwarf;
				ENABLE_STRICT_OBJC_MSGSEND = YES;
				ENABLE_TESTABILITY = YES;
				GCC_C_LANGUAGE_STANDARD = gnu99;
				GCC_DYNAMIC_NO_PIC = NO;
				GCC_NO_COMMON_BLOCKS = YES;
				GCC_OPTIMIZATION_LEVEL = 0;
				GCC_PREPROCESSOR_DEFINITIONS = (
					"DEBUG=1",
					"$(inherited)",
				);
				GCC_WARN_64_TO_32_BIT_CONVERSION = YES;
				GCC_WARN_ABOUT_RETURN_TYPE = YES_ERROR;
				GCC_WARN_UNDECLARED_SELECTOR = YES;
				GCC_WARN_UNINITIALIZED_AUTOS = YES_AGGRESSIVE;
				GCC_WARN_UNUSED_FUNCTION = YES;
				GCC_WARN_UNUSED_VARIABLE = YES;
				IPHONEOS_DEPLOYMENT_TARGET = 9.1;
				MTL_ENABLE_DEBUG_INFO = YES;
				ONLY_ACTIVE_ARCH = YES;
				SDKROOT = iphoneos;
				SWIFT_OPTIMIZATION_LEVEL = "-Onone";
			};
			name = Debug;
		};
		CB1E7E6D1C0707910016890A /* Release */ = {
			isa = XCBuildConfiguration;
			buildSettings = {
				ALWAYS_SEARCH_USER_PATHS = NO;
				CLANG_CXX_LANGUAGE_STANDARD = "gnu++0x";
				CLANG_CXX_LIBRARY = "libc++";
				CLANG_ENABLE_MODULES = YES;
				CLANG_ENABLE_OBJC_ARC = YES;
				CLANG_WARN_BOOL_CONVERSION = YES;
				CLANG_WARN_CONSTANT_CONVERSION = YES;
				CLANG_WARN_DIRECT_OBJC_ISA_USAGE = YES_ERROR;
				CLANG_WARN_EMPTY_BODY = YES;
				CLANG_WARN_ENUM_CONVERSION = YES;
				CLANG_WARN_INT_CONVERSION = YES;
				CLANG_WARN_OBJC_ROOT_CLASS = YES_ERROR;
				CLANG_WARN_UNREACHABLE_CODE = YES;
				CLANG_WARN__DUPLICATE_METHOD_MATCH = YES;
				"CODE_SIGN_IDENTITY[sdk=iphoneos*]" = "iPhone Developer";
				COPY_PHASE_STRIP = NO;
				DEBUG_INFORMATION_FORMAT = "dwarf-with-dsym";
				ENABLE_NS_ASSERTIONS = NO;
				ENABLE_STRICT_OBJC_MSGSEND = YES;
				GCC_C_LANGUAGE_STANDARD = gnu99;
				GCC_NO_COMMON_BLOCKS = YES;
				GCC_WARN_64_TO_32_BIT_CONVERSION = YES;
				GCC_WARN_ABOUT_RETURN_TYPE = YES_ERROR;
				GCC_WARN_UNDECLARED_SELECTOR = YES;
				GCC_WARN_UNINITIALIZED_AUTOS = YES_AGGRESSIVE;
				GCC_WARN_UNUSED_FUNCTION = YES;
				GCC_WARN_UNUSED_VARIABLE = YES;
				IPHONEOS_DEPLOYMENT_TARGET = 9.1;
				MTL_ENABLE_DEBUG_INFO = NO;
				SDKROOT = iphoneos;
				VALIDATE_PRODUCT = YES;
			};
			name = Release;
		};
		CB1E7E6F1C0707910016890A /* Debug */ = {
			isa = XCBuildConfiguration;
			buildSettings = {
				ASSETCATALOG_COMPILER_APPICON_NAME = AppIcon;
				EMBEDDED_CONTENT_CONTAINS_SWIFT = YES;
				INFOPLIST_FILE = "HTTPDNS-SwiftDemo/Info.plist";
				IPHONEOS_DEPLOYMENT_TARGET = 8.0;
				LD_RUNPATH_SEARCH_PATHS = "$(inherited) @executable_path/Frameworks";
				PRODUCT_BUNDLE_IDENTIFIER = "com.yourtion.HTTPDNS-SwiftDemo";
				PRODUCT_NAME = "$(TARGET_NAME)";
			};
			name = Debug;
		};
		CB1E7E701C0707910016890A /* Release */ = {
			isa = XCBuildConfiguration;
			buildSettings = {
				ASSETCATALOG_COMPILER_APPICON_NAME = AppIcon;
				EMBEDDED_CONTENT_CONTAINS_SWIFT = YES;
				INFOPLIST_FILE = "HTTPDNS-SwiftDemo/Info.plist";
				IPHONEOS_DEPLOYMENT_TARGET = 8.0;
				LD_RUNPATH_SEARCH_PATHS = "$(inherited) @executable_path/Frameworks";
				PRODUCT_BUNDLE_IDENTIFIER = "com.yourtion.HTTPDNS-SwiftDemo";
				PRODUCT_NAME = "$(TARGET_NAME)";
			};
			name = Release;
		};
/* End XCBuildConfiguration section */

/* Begin XCConfigurationList section */
		CB1E7E571C0707910016890A /* Build configuration list for PBXProject "HTTPDNS-SwiftDemo" */ = {
			isa = XCConfigurationList;
			buildConfigurations = (
				CB1E7E6C1C0707910016890A /* Debug */,
				CB1E7E6D1C0707910016890A /* Release */,
			);
			defaultConfigurationIsVisible = 0;
			defaultConfigurationName = Release;
		};
		CB1E7E6E1C0707910016890A /* Build configuration list for PBXNativeTarget "HTTPDNS-SwiftDemo" */ = {
			isa = XCConfigurationList;
			buildConfigurations = (
				CB1E7E6F1C0707910016890A /* Debug */,
				CB1E7E701C0707910016890A /* Release */,
			);
			defaultConfigurationIsVisible = 0;
			defaultConfigurationName = Release;
		};
/* End XCConfigurationList section */
	};
	rootObject = CB1E7E541C0707910016890A /* Project object */;
}
