// !$*UTF8*$!
{
	archiveVersion = 1;
	classes = {
	};
	objectVersion = 46;
	objects = {

/* Begin PBXBuildFile section */
		CB289D681E028BD5001EDA8C /* Google.swift in Sources */ = {isa = PBXBuildFile; fileRef = CB289D671E028BD5001EDA8C /* Google.swift */; };
		CB289D691E028BD5001EDA8C /* Google.swift in Sources */ = {isa = PBXBuildFile; fileRef = CB289D671E028BD5001EDA8C /* Google.swift */; };
		CB289D711E0298EB001EDA8C /* GoogleTest.swift in Sources */ = {isa = PBXBuildFile; fileRef = CB289D701E0298EB001EDA8C /* GoogleTest.swift */; };
		CB289D721E0298EB001EDA8C /* GoogleTest.swift in Sources */ = {isa = PBXBuildFile; fileRef = CB289D701E0298EB001EDA8C /* GoogleTest.swift */; };
		CB289D731E0299B0001EDA8C /* Google.swift in Sources */ = {isa = PBXBuildFile; fileRef = CB289D671E028BD5001EDA8C /* Google.swift */; };
		CB37BAE51D1D16CA0028C780 /* HTTPDNSTest.swift in Sources */ = {isa = PBXBuildFile; fileRef = CB37BAE41D1D16CA0028C780 /* HTTPDNSTest.swift */; };
		CB37BAE61D1D16CA0028C780 /* HTTPDNSTest.swift in Sources */ = {isa = PBXBuildFile; fileRef = CB37BAE41D1D16CA0028C780 /* HTTPDNSTest.swift */; };
		CB419F701CC8E8A800EF1886 /* DSNPodTests.swift in Sources */ = {isa = PBXBuildFile; fileRef = CB5BBFA31C42149300564786 /* DSNPodTests.swift */; };
		CB419F711CC8E8A800EF1886 /* AliYunTest.swift in Sources */ = {isa = PBXBuildFile; fileRef = CB745C8F1CC8CEAB0023C4C2 /* AliYunTest.swift */; };
		CB419F721CC8E8B700EF1886 /* DSNPodTests.swift in Sources */ = {isa = PBXBuildFile; fileRef = CB5BBFA31C42149300564786 /* DSNPodTests.swift */; };
		CB419F731CC8E8B700EF1886 /* AliYunTest.swift in Sources */ = {isa = PBXBuildFile; fileRef = CB745C8F1CC8CEAB0023C4C2 /* AliYunTest.swift */; };
		CB419F751CC8E8CF00EF1886 /* HTTPDNS.swift in Sources */ = {isa = PBXBuildFile; fileRef = CB9C76701C1D5567003502B6 /* HTTPDNS.swift */; };
		CB419F761CC8E8CF00EF1886 /* Factory.swift in Sources */ = {isa = PBXBuildFile; fileRef = CB745C841CC8B7FB0023C4C2 /* Factory.swift */; };
		CB419F771CC8E8CF00EF1886 /* DNSPod.swift in Sources */ = {isa = PBXBuildFile; fileRef = CB745C7F1CC8AC790023C4C2 /* DNSPod.swift */; };
		CB419F781CC8E8CF00EF1886 /* AliYun.swift in Sources */ = {isa = PBXBuildFile; fileRef = CB745C891CC8BCF00023C4C2 /* AliYun.swift */; };
		CB419F7A1CC8E8DA00EF1886 /* HTTPDNS.swift in Sources */ = {isa = PBXBuildFile; fileRef = CB9C76701C1D5567003502B6 /* HTTPDNS.swift */; };
		CB419F7B1CC8E8DA00EF1886 /* Factory.swift in Sources */ = {isa = PBXBuildFile; fileRef = CB745C841CC8B7FB0023C4C2 /* Factory.swift */; };
		CB419F7C1CC8E8DA00EF1886 /* DNSPod.swift in Sources */ = {isa = PBXBuildFile; fileRef = CB745C7F1CC8AC790023C4C2 /* DNSPod.swift */; };
		CB419F7D1CC8E8DA00EF1886 /* AliYun.swift in Sources */ = {isa = PBXBuildFile; fileRef = CB745C891CC8BCF00023C4C2 /* AliYun.swift */; };
		CB745C801CC8AC790023C4C2 /* DNSPod.swift in Sources */ = {isa = PBXBuildFile; fileRef = CB745C7F1CC8AC790023C4C2 /* DNSPod.swift */; };
		CB745C811CC8AC790023C4C2 /* DNSPod.swift in Sources */ = {isa = PBXBuildFile; fileRef = CB745C7F1CC8AC790023C4C2 /* DNSPod.swift */; };
		CB745C851CC8B7FB0023C4C2 /* Factory.swift in Sources */ = {isa = PBXBuildFile; fileRef = CB745C841CC8B7FB0023C4C2 /* Factory.swift */; };
		CB745C861CC8B7FB0023C4C2 /* Factory.swift in Sources */ = {isa = PBXBuildFile; fileRef = CB745C841CC8B7FB0023C4C2 /* Factory.swift */; };
		CB745C8A1CC8BCF00023C4C2 /* AliYun.swift in Sources */ = {isa = PBXBuildFile; fileRef = CB745C891CC8BCF00023C4C2 /* AliYun.swift */; };
		CB745C8B1CC8BCF00023C4C2 /* AliYun.swift in Sources */ = {isa = PBXBuildFile; fileRef = CB745C891CC8BCF00023C4C2 /* AliYun.swift */; };
		CB9C76481C1D544A003502B6 /* HTTPDNS.h in Headers */ = {isa = PBXBuildFile; fileRef = CB9C76471C1D544A003502B6 /* HTTPDNS.h */; settings = {ATTRIBUTES = (Public, ); }; };
		CB9C76531C1D5451003502B6 /* HTTPDNS.h in Headers */ = {isa = PBXBuildFile; fileRef = CB9C76471C1D544A003502B6 /* HTTPDNS.h */; settings = {ATTRIBUTES = (Public, ); }; };
		CB9C76711C1D5567003502B6 /* HTTPDNS.swift in Sources */ = {isa = PBXBuildFile; fileRef = CB9C76701C1D5567003502B6 /* HTTPDNS.swift */; };
		CB9C76721C1D5567003502B6 /* HTTPDNS.swift in Sources */ = {isa = PBXBuildFile; fileRef = CB9C76701C1D5567003502B6 /* HTTPDNS.swift */; };
/* End PBXBuildFile section */

/* Begin PBXContainerItemProxy section */
		CB759AC01D17A1D800095367 /* PBXContainerItemProxy */ = {
			isa = PBXContainerItemProxy;
			containerPortal = CB9C763B1C1D544A003502B6 /* Project object */;
			proxyType = 1;
			remoteGlobalIDString = CB9C764F1C1D5451003502B6;
			remoteInfo = HTTPDNS_OSX;
		};
		CB759AC21D17A1DB00095367 /* PBXContainerItemProxy */ = {
			isa = PBXContainerItemProxy;
			containerPortal = CB9C763B1C1D544A003502B6 /* Project object */;
			proxyType = 1;
			remoteGlobalIDString = CB9C76431C1D544A003502B6;
			remoteInfo = HTTPDNS_iOS;
		};
/* End PBXContainerItemProxy section */

/* Begin PBXFileReference section */
		CB289D671E028BD5001EDA8C /* Google.swift */ = {isa = PBXFileReference; fileEncoding = 4; lastKnownFileType = sourcecode.swift; path = Google.swift; sourceTree = "<group>"; };
		CB289D701E0298EB001EDA8C /* GoogleTest.swift */ = {isa = PBXFileReference; fileEncoding = 4; lastKnownFileType = sourcecode.swift; path = GoogleTest.swift; sourceTree = "<group>"; };
		CB37BAE41D1D16CA0028C780 /* HTTPDNSTest.swift */ = {isa = PBXFileReference; fileEncoding = 4; lastKnownFileType = sourcecode.swift; path = HTTPDNSTest.swift; sourceTree = "<group>"; };
		CB419F661CC8E57700EF1886 /* HTTPDNSTests_iOS.xctest */ = {isa = PBXFileReference; explicitFileType = wrapper.cfbundle; includeInIndex = 0; path = HTTPDNSTests_iOS.xctest; sourceTree = BUILT_PRODUCTS_DIR; };
		CB5BBFA31C42149300564786 /* DSNPodTests.swift */ = {isa = PBXFileReference; lastKnownFileType = sourcecode.swift; path = DSNPodTests.swift; sourceTree = "<group>"; };
		CB5BBFA51C42149300564786 /* Info.plist */ = {isa = PBXFileReference; lastKnownFileType = text.plist.xml; path = Info.plist; sourceTree = "<group>"; };
		CB5BBFB71C4214E500564786 /* HTTPDNSTests_OSX.xctest */ = {isa = PBXFileReference; explicitFileType = wrapper.cfbundle; includeInIndex = 0; path = HTTPDNSTests_OSX.xctest; sourceTree = BUILT_PRODUCTS_DIR; };
		CB745C7F1CC8AC790023C4C2 /* DNSPod.swift */ = {isa = PBXFileReference; fileEncoding = 4; lastKnownFileType = sourcecode.swift; path = DNSPod.swift; sourceTree = "<group>"; };
		CB745C841CC8B7FB0023C4C2 /* Factory.swift */ = {isa = PBXFileReference; fileEncoding = 4; lastKnownFileType = sourcecode.swift; path = Factory.swift; sourceTree = "<group>"; };
		CB745C891CC8BCF00023C4C2 /* AliYun.swift */ = {isa = PBXFileReference; fileEncoding = 4; lastKnownFileType = sourcecode.swift; path = AliYun.swift; sourceTree = "<group>"; };
		CB745C8F1CC8CEAB0023C4C2 /* AliYunTest.swift */ = {isa = PBXFileReference; fileEncoding = 4; lastKnownFileType = sourcecode.swift; path = AliYunTest.swift; sourceTree = "<group>"; };
		CB9C76441C1D544A003502B6 /* HTTPDNS.framework */ = {isa = PBXFileReference; explicitFileType = wrapper.framework; includeInIndex = 0; path = HTTPDNS.framework; sourceTree = BUILT_PRODUCTS_DIR; };
		CB9C76471C1D544A003502B6 /* HTTPDNS.h */ = {isa = PBXFileReference; lastKnownFileType = sourcecode.c.h; path = HTTPDNS.h; sourceTree = "<group>"; };
		CB9C76491C1D544A003502B6 /* Info.plist */ = {isa = PBXFileReference; lastKnownFileType = text.plist.xml; path = Info.plist; sourceTree = "<group>"; };
		CB9C76581C1D5451003502B6 /* HTTPDNS.framework */ = {isa = PBXFileReference; explicitFileType = wrapper.framework; includeInIndex = 0; path = HTTPDNS.framework; sourceTree = BUILT_PRODUCTS_DIR; };
		CB9C76701C1D5567003502B6 /* HTTPDNS.swift */ = {isa = PBXFileReference; fileEncoding = 4; lastKnownFileType = sourcecode.swift; path = HTTPDNS.swift; sourceTree = "<group>"; };
/* End PBXFileReference section */

/* Begin PBXFrameworksBuildPhase section */
		CB419F601CC8E57700EF1886 /* Frameworks */ = {
			isa = PBXFrameworksBuildPhase;
			buildActionMask = 2147483647;
			files = (
			);
			runOnlyForDeploymentPostprocessing = 0;
		};
		CB5BBFB11C4214E500564786 /* Frameworks */ = {
			isa = PBXFrameworksBuildPhase;
			buildActionMask = 2147483647;
			files = (
			);
			runOnlyForDeploymentPostprocessing = 0;
		};
		CB9C76401C1D544A003502B6 /* Frameworks */ = {
			isa = PBXFrameworksBuildPhase;
			buildActionMask = 2147483647;
			files = (
			);
			runOnlyForDeploymentPostprocessing = 0;
		};
		CB9C76511C1D5451003502B6 /* Frameworks */ = {
			isa = PBXFrameworksBuildPhase;
			buildActionMask = 2147483647;
			files = (
			);
			runOnlyForDeploymentPostprocessing = 0;
		};
/* End PBXFrameworksBuildPhase section */

/* Begin PBXGroup section */
		CB5BBFA21C42149300564786 /* HTTPDNSTests */ = {
			isa = PBXGroup;
			children = (
				CB289D701E0298EB001EDA8C /* GoogleTest.swift */,
				CB37BAE41D1D16CA0028C780 /* HTTPDNSTest.swift */,
				CB5BBFA31C42149300564786 /* DSNPodTests.swift */,
				CB745C8F1CC8CEAB0023C4C2 /* AliYunTest.swift */,
				CB5BBFA51C42149300564786 /* Info.plist */,
			);
			path = HTTPDNSTests;
			sourceTree = "<group>";
		};
		CB9C763A1C1D544A003502B6 = {
			isa = PBXGroup;
			children = (
				CB9C76461C1D544A003502B6 /* HTTPDNS */,
				CB5BBFA21C42149300564786 /* HTTPDNSTests */,
				CB9C76451C1D544A003502B6 /* Products */,
			);
			sourceTree = "<group>";
		};
		CB9C76451C1D544A003502B6 /* Products */ = {
			isa = PBXGroup;
			children = (
				CB9C76441C1D544A003502B6 /* HTTPDNS.framework */,
				CB9C76581C1D5451003502B6 /* HTTPDNS.framework */,
				CB5BBFB71C4214E500564786 /* HTTPDNSTests_OSX.xctest */,
				CB419F661CC8E57700EF1886 /* HTTPDNSTests_iOS.xctest */,
			);
			name = Products;
			sourceTree = "<group>";
		};
		CB9C76461C1D544A003502B6 /* HTTPDNS */ = {
			isa = PBXGroup;
			children = (
				CB9C76491C1D544A003502B6 /* Info.plist */,
				CB9C76471C1D544A003502B6 /* HTTPDNS.h */,
				CB9C76701C1D5567003502B6 /* HTTPDNS.swift */,
				CB745C841CC8B7FB0023C4C2 /* Factory.swift */,
				CB745C7F1CC8AC790023C4C2 /* DNSPod.swift */,
				CB745C891CC8BCF00023C4C2 /* AliYun.swift */,
				CB289D671E028BD5001EDA8C /* Google.swift */,
			);
			path = HTTPDNS;
			sourceTree = "<group>";
		};
/* End PBXGroup section */

/* Begin PBXHeadersBuildPhase section */
		CB9C76411C1D544A003502B6 /* Headers */ = {
			isa = PBXHeadersBuildPhase;
			buildActionMask = 2147483647;
			files = (
				CB9C76481C1D544A003502B6 /* HTTPDNS.h in Headers */,
			);
			runOnlyForDeploymentPostprocessing = 0;
		};
		CB9C76521C1D5451003502B6 /* Headers */ = {
			isa = PBXHeadersBuildPhase;
			buildActionMask = 2147483647;
			files = (
				CB9C76531C1D5451003502B6 /* HTTPDNS.h in Headers */,
			);
			runOnlyForDeploymentPostprocessing = 0;
		};
/* End PBXHeadersBuildPhase section */

/* Begin PBXNativeTarget section */
		CB419F571CC8E57700EF1886 /* HTTPDNSTests_iOS */ = {
			isa = PBXNativeTarget;
			buildConfigurationList = CB419F631CC8E57700EF1886 /* Build configuration list for PBXNativeTarget "HTTPDNSTests_iOS" */;
			buildPhases = (
				CB419F5A1CC8E57700EF1886 /* Sources */,
				CB419F601CC8E57700EF1886 /* Frameworks */,
				CB419F621CC8E57700EF1886 /* Resources */,
			);
			buildRules = (
			);
			dependencies = (
				CB759AC31D17A1DB00095367 /* PBXTargetDependency */,
			);
			name = HTTPDNSTests_iOS;
			productName = HTTPDNSTests;
			productReference = CB419F661CC8E57700EF1886 /* HTTPDNSTests_iOS.xctest */;
			productType = "com.apple.product-type.bundle.unit-test";
		};
		CB5BBFAC1C4214E500564786 /* HTTPDNSTests_OSX */ = {
			isa = PBXNativeTarget;
			buildConfigurationList = CB5BBFB41C4214E500564786 /* Build configuration list for PBXNativeTarget "HTTPDNSTests_OSX" */;
			buildPhases = (
				CB5BBFAF1C4214E500564786 /* Sources */,
				CB5BBFB11C4214E500564786 /* Frameworks */,
				CB5BBFB31C4214E500564786 /* Resources */,
			);
			buildRules = (
			);
			dependencies = (
				CB759AC11D17A1D800095367 /* PBXTargetDependency */,
			);
			name = HTTPDNSTests_OSX;
			productName = HTTPDNSTests;
			productReference = CB5BBFB71C4214E500564786 /* HTTPDNSTests_OSX.xctest */;
			productType = "com.apple.product-type.bundle.unit-test";
		};
		CB9C76431C1D544A003502B6 /* HTTPDNS_iOS */ = {
			isa = PBXNativeTarget;
			buildConfigurationList = CB9C764C1C1D544A003502B6 /* Build configuration list for PBXNativeTarget "HTTPDNS_iOS" */;
			buildPhases = (
				CB9C763F1C1D544A003502B6 /* Sources */,
				CB9C76401C1D544A003502B6 /* Frameworks */,
				CB9C76411C1D544A003502B6 /* Headers */,
				CB9C76421C1D544A003502B6 /* Resources */,
			);
			buildRules = (
			);
			dependencies = (
			);
			name = HTTPDNS_iOS;
			productName = HTTPDNS;
			productReference = CB9C76441C1D544A003502B6 /* HTTPDNS.framework */;
			productType = "com.apple.product-type.framework";
		};
		CB9C764F1C1D5451003502B6 /* HTTPDNS_OSX */ = {
			isa = PBXNativeTarget;
			buildConfigurationList = CB9C76551C1D5451003502B6 /* Build configuration list for PBXNativeTarget "HTTPDNS_OSX" */;
			buildPhases = (
				CB9C76501C1D5451003502B6 /* Sources */,
				CB9C76511C1D5451003502B6 /* Frameworks */,
				CB9C76521C1D5451003502B6 /* Headers */,
				CB9C76541C1D5451003502B6 /* Resources */,
			);
			buildRules = (
			);
			dependencies = (
			);
			name = HTTPDNS_OSX;
			productName = HTTPDNS;
			productReference = CB9C76581C1D5451003502B6 /* HTTPDNS.framework */;
			productType = "com.apple.product-type.framework";
		};
/* End PBXNativeTarget section */

/* Begin PBXProject section */
		CB9C763B1C1D544A003502B6 /* Project object */ = {
			isa = PBXProject;
			attributes = {
				LastSwiftUpdateCheck = 0720;
				LastUpgradeCheck = 0900;
				ORGANIZATIONNAME = Yourtion;
				TargetAttributes = {
					CB419F571CC8E57700EF1886 = {
						LastSwiftMigration = 0900;
					};
					CB5BBFAC1C4214E500564786 = {
						LastSwiftMigration = 0810;
					};
					CB9C76431C1D544A003502B6 = {
						CreatedOnToolsVersion = 7.2;
						LastSwiftMigration = 0900;
					};
					CB9C764F1C1D5451003502B6 = {
						LastSwiftMigration = 0810;
					};
				};
			};
			buildConfigurationList = CB9C763E1C1D544A003502B6 /* Build configuration list for PBXProject "HTTPDNS" */;
			compatibilityVersion = "Xcode 3.2";
			developmentRegion = English;
			hasScannedForEncodings = 0;
			knownRegions = (
				en,
			);
			mainGroup = CB9C763A1C1D544A003502B6;
			productRefGroup = CB9C76451C1D544A003502B6 /* Products */;
			projectDirPath = "";
			projectRoot = "";
			targets = (
				CB9C76431C1D544A003502B6 /* HTTPDNS_iOS */,
				CB9C764F1C1D5451003502B6 /* HTTPDNS_OSX */,
				CB5BBFAC1C4214E500564786 /* HTTPDNSTests_OSX */,
				CB419F571CC8E57700EF1886 /* HTTPDNSTests_iOS */,
			);
		};
/* End PBXProject section */

/* Begin PBXResourcesBuildPhase section */
		CB419F621CC8E57700EF1886 /* Resources */ = {
			isa = PBXResourcesBuildPhase;
			buildActionMask = 2147483647;
			files = (
			);
			runOnlyForDeploymentPostprocessing = 0;
		};
		CB5BBFB31C4214E500564786 /* Resources */ = {
			isa = PBXResourcesBuildPhase;
			buildActionMask = 2147483647;
			files = (
			);
			runOnlyForDeploymentPostprocessing = 0;
		};
		CB9C76421C1D544A003502B6 /* Resources */ = {
			isa = PBXResourcesBuildPhase;
			buildActionMask = 2147483647;
			files = (
			);
			runOnlyForDeploymentPostprocessing = 0;
		};
		CB9C76541C1D5451003502B6 /* Resources */ = {
			isa = PBXResourcesBuildPhase;
			buildActionMask = 2147483647;
			files = (
			);
			runOnlyForDeploymentPostprocessing = 0;
		};
/* End PBXResourcesBuildPhase section */

/* Begin PBXSourcesBuildPhase section */
		CB419F5A1CC8E57700EF1886 /* Sources */ = {
			isa = PBXSourcesBuildPhase;
			buildActionMask = 2147483647;
			files = (
				CB289D731E0299B0001EDA8C /* Google.swift in Sources */,
				CB289D721E0298EB001EDA8C /* GoogleTest.swift in Sources */,
				CB37BAE61D1D16CA0028C780 /* HTTPDNSTest.swift in Sources */,
				CB419F7A1CC8E8DA00EF1886 /* HTTPDNS.swift in Sources */,
				CB419F7B1CC8E8DA00EF1886 /* Factory.swift in Sources */,
				CB419F7C1CC8E8DA00EF1886 /* DNSPod.swift in Sources */,
				CB419F7D1CC8E8DA00EF1886 /* AliYun.swift in Sources */,
				CB419F701CC8E8A800EF1886 /* DSNPodTests.swift in Sources */,
				CB419F711CC8E8A800EF1886 /* AliYunTest.swift in Sources */,
			);
			runOnlyForDeploymentPostprocessing = 0;
		};
		CB5BBFAF1C4214E500564786 /* Sources */ = {
			isa = PBXSourcesBuildPhase;
			buildActionMask = 2147483647;
			files = (
				CB289D711E0298EB001EDA8C /* GoogleTest.swift in Sources */,
				CB37BAE51D1D16CA0028C780 /* HTTPDNSTest.swift in Sources */,
				CB419F751CC8E8CF00EF1886 /* HTTPDNS.swift in Sources */,
				CB419F761CC8E8CF00EF1886 /* Factory.swift in Sources */,
				CB419F771CC8E8CF00EF1886 /* DNSPod.swift in Sources */,
				CB419F781CC8E8CF00EF1886 /* AliYun.swift in Sources */,
				CB419F721CC8E8B700EF1886 /* DSNPodTests.swift in Sources */,
				CB419F731CC8E8B700EF1886 /* AliYunTest.swift in Sources */,
			);
			runOnlyForDeploymentPostprocessing = 0;
		};
		CB9C763F1C1D544A003502B6 /* Sources */ = {
			isa = PBXSourcesBuildPhase;
			buildActionMask = 2147483647;
			files = (
				CB745C851CC8B7FB0023C4C2 /* Factory.swift in Sources */,
				CB745C8A1CC8BCF00023C4C2 /* AliYun.swift in Sources */,
				CB9C76711C1D5567003502B6 /* HTTPDNS.swift in Sources */,
				CB745C801CC8AC790023C4C2 /* DNSPod.swift in Sources */,
				CB289D681E028BD5001EDA8C /* Google.swift in Sources */,
			);
			runOnlyForDeploymentPostprocessing = 0;
		};
		CB9C76501C1D5451003502B6 /* Sources */ = {
			isa = PBXSourcesBuildPhase;
			buildActionMask = 2147483647;
			files = (
				CB745C861CC8B7FB0023C4C2 /* Factory.swift in Sources */,
				CB745C8B1CC8BCF00023C4C2 /* AliYun.swift in Sources */,
				CB9C76721C1D5567003502B6 /* HTTPDNS.swift in Sources */,
				CB745C811CC8AC790023C4C2 /* DNSPod.swift in Sources */,
				CB289D691E028BD5001EDA8C /* Google.swift in Sources */,
			);
			runOnlyForDeploymentPostprocessing = 0;
		};
/* End PBXSourcesBuildPhase section */

/* Begin PBXTargetDependency section */
		CB759AC11D17A1D800095367 /* PBXTargetDependency */ = {
			isa = PBXTargetDependency;
			target = CB9C764F1C1D5451003502B6 /* HTTPDNS_OSX */;
			targetProxy = CB759AC01D17A1D800095367 /* PBXContainerItemProxy */;
		};
		CB759AC31D17A1DB00095367 /* PBXTargetDependency */ = {
			isa = PBXTargetDependency;
			target = CB9C76431C1D544A003502B6 /* HTTPDNS_iOS */;
			targetProxy = CB759AC21D17A1DB00095367 /* PBXContainerItemProxy */;
		};
/* End PBXTargetDependency section */

/* Begin XCBuildConfiguration section */
		CB419F641CC8E57700EF1886 /* Debug */ = {
			isa = XCBuildConfiguration;
			buildSettings = {
				COMBINE_HIDPI_IMAGES = YES;
				INFOPLIST_FILE = HTTPDNSTests/Info.plist;
				IPHONEOS_DEPLOYMENT_TARGET = 9.2;
				LD_RUNPATH_SEARCH_PATHS = "$(inherited) @executable_path/Frameworks @loader_path/Frameworks";
				PRODUCT_BUNDLE_IDENTIFIER = com.yourtion.HTTPDNSTests;
				PRODUCT_NAME = "$(TARGET_NAME)";
				SDKROOT = iphoneos;
				SWIFT_SWIFT3_OBJC_INFERENCE = Off;
				SWIFT_VERSION = 4.0;
			};
			name = Debug;
		};
		CB419F651CC8E57700EF1886 /* Release */ = {
			isa = XCBuildConfiguration;
			buildSettings = {
				COMBINE_HIDPI_IMAGES = YES;
				INFOPLIST_FILE = HTTPDNSTests/Info.plist;
				IPHONEOS_DEPLOYMENT_TARGET = 9.2;
				LD_RUNPATH_SEARCH_PATHS = "$(inherited) @executable_path/Frameworks @loader_path/Frameworks";
				PRODUCT_BUNDLE_IDENTIFIER = com.yourtion.HTTPDNSTests;
				PRODUCT_NAME = "$(TARGET_NAME)";
				SDKROOT = iphoneos;
				SWIFT_SWIFT3_OBJC_INFERENCE = Off;
				SWIFT_VERSION = 4.0;
			};
			name = Release;
		};
		CB5BBFB51C4214E500564786 /* Debug */ = {
			isa = XCBuildConfiguration;
			buildSettings = {
				COMBINE_HIDPI_IMAGES = YES;
				INFOPLIST_FILE = HTTPDNSTests/Info.plist;
				IPHONEOS_DEPLOYMENT_TARGET = 9.2;
				LD_RUNPATH_SEARCH_PATHS = "$(inherited) @executable_path/Frameworks @loader_path/Frameworks";
				PRODUCT_BUNDLE_IDENTIFIER = com.yourtion.HTTPDNSTests;
				PRODUCT_NAME = "$(TARGET_NAME)";
				SDKROOT = macosx;
				SWIFT_VERSION = 3.0;
			};
			name = Debug;
		};
		CB5BBFB61C4214E500564786 /* Release */ = {
			isa = XCBuildConfiguration;
			buildSettings = {
				COMBINE_HIDPI_IMAGES = YES;
				INFOPLIST_FILE = HTTPDNSTests/Info.plist;
				IPHONEOS_DEPLOYMENT_TARGET = 9.2;
				LD_RUNPATH_SEARCH_PATHS = "$(inherited) @executable_path/Frameworks @loader_path/Frameworks";
				PRODUCT_BUNDLE_IDENTIFIER = com.yourtion.HTTPDNSTests;
				PRODUCT_NAME = "$(TARGET_NAME)";
				SDKROOT = macosx;
				SWIFT_VERSION = 3.0;
			};
			name = Release;
		};
		CB9C764A1C1D544A003502B6 /* Debug */ = {
			isa = XCBuildConfiguration;
			buildSettings = {
				ALWAYS_SEARCH_USER_PATHS = NO;
				CLANG_CXX_LANGUAGE_STANDARD = "gnu++0x";
				CLANG_CXX_LIBRARY = "libc++";
				CLANG_ENABLE_MODULES = YES;
				CLANG_ENABLE_OBJC_ARC = YES;
				CLANG_WARN_BLOCK_CAPTURE_AUTORELEASING = YES;
				CLANG_WARN_BOOL_CONVERSION = YES;
				CLANG_WARN_COMMA = YES;
				CLANG_WARN_CONSTANT_CONVERSION = YES;
				CLANG_WARN_DIRECT_OBJC_ISA_USAGE = YES_ERROR;
				CLANG_WARN_EMPTY_BODY = YES;
				CLANG_WARN_ENUM_CONVERSION = YES;
				CLANG_WARN_INFINITE_RECURSION = YES;
				CLANG_WARN_INT_CONVERSION = YES;
				CLANG_WARN_NON_LITERAL_NULL_CONVERSION = YES;
				CLANG_WARN_OBJC_LITERAL_CONVERSION = YES;
				CLANG_WARN_OBJC_ROOT_CLASS = YES_ERROR;
				CLANG_WARN_RANGE_LOOP_ANALYSIS = YES;
				CLANG_WARN_STRICT_PROTOTYPES = YES;
				CLANG_WARN_SUSPICIOUS_MOVE = YES;
				CLANG_WARN_UNREACHABLE_CODE = YES;
				CLANG_WARN__DUPLICATE_METHOD_MATCH = YES;
				"CODE_SIGN_IDENTITY[sdk=iphoneos*]" = "iPhone Developer";
				COPY_PHASE_STRIP = NO;
				CURRENT_PROJECT_VERSION = 1;
				DEBUG_INFORMATION_FORMAT = dwarf;
				ENABLE_STRICT_OBJC_MSGSEND = YES;
				ENABLE_TESTABILITY = YES;
				GCC_C_LANGUAGE_STANDARD = gnu99;
				GCC_DYNAMIC_NO_PIC = NO;
				GCC_NO_COMMON_BLOCKS = YES;
				GCC_OPTIMIZATION_LEVEL = 0;
				GCC_PREPROCESSOR_DEFINITIONS = (
					"DEBUG=1",
					"$(inherited)",
				);
				GCC_WARN_64_TO_32_BIT_CONVERSION = YES;
				GCC_WARN_ABOUT_RETURN_TYPE = YES_ERROR;
				GCC_WARN_UNDECLARED_SELECTOR = YES;
				GCC_WARN_UNINITIALIZED_AUTOS = YES_AGGRESSIVE;
				GCC_WARN_UNUSED_FUNCTION = YES;
				GCC_WARN_UNUSED_VARIABLE = YES;
				IPHONEOS_DEPLOYMENT_TARGET = 8.0;
				MACOSX_DEPLOYMENT_TARGET = 10.10;
				MTL_ENABLE_DEBUG_INFO = YES;
				ONLY_ACTIVE_ARCH = YES;
				SDKROOT = iphoneos;
				SWIFT_INCLUDE_PATHS = "";
				SWIFT_OPTIMIZATION_LEVEL = "-Onone";
				TARGETED_DEVICE_FAMILY = "1,2";
				VERSIONING_SYSTEM = "apple-generic";
				VERSION_INFO_PREFIX = "";
			};
			name = Debug;
		};
		CB9C764B1C1D544A003502B6 /* Release */ = {
			isa = XCBuildConfiguration;
			buildSettings = {
				ALWAYS_SEARCH_USER_PATHS = NO;
				CLANG_CXX_LANGUAGE_STANDARD = "gnu++0x";
				CLANG_CXX_LIBRARY = "libc++";
				CLANG_ENABLE_MODULES = YES;
				CLANG_ENABLE_OBJC_ARC = YES;
				CLANG_WARN_BLOCK_CAPTURE_AUTORELEASING = YES;
				CLANG_WARN_BOOL_CONVERSION = YES;
				CLANG_WARN_COMMA = YES;
				CLANG_WARN_CONSTANT_CONVERSION = YES;
				CLANG_WARN_DIRECT_OBJC_ISA_USAGE = YES_ERROR;
				CLANG_WARN_EMPTY_BODY = YES;
				CLANG_WARN_ENUM_CONVERSION = YES;
				CLANG_WARN_INFINITE_RECURSION = YES;
				CLANG_WARN_INT_CONVERSION = YES;
				CLANG_WARN_NON_LITERAL_NULL_CONVERSION = YES;
				CLANG_WARN_OBJC_LITERAL_CONVERSION = YES;
				CLANG_WARN_OBJC_ROOT_CLASS = YES_ERROR;
				CLANG_WARN_RANGE_LOOP_ANALYSIS = YES;
				CLANG_WARN_STRICT_PROTOTYPES = YES;
				CLANG_WARN_SUSPICIOUS_MOVE = YES;
				CLANG_WARN_UNREACHABLE_CODE = YES;
				CLANG_WARN__DUPLICATE_METHOD_MATCH = YES;
				"CODE_SIGN_IDENTITY[sdk=iphoneos*]" = "iPhone Developer";
				COPY_PHASE_STRIP = NO;
				CURRENT_PROJECT_VERSION = 1;
				DEBUG_INFORMATION_FORMAT = "dwarf-with-dsym";
				ENABLE_NS_ASSERTIONS = NO;
				ENABLE_STRICT_OBJC_MSGSEND = YES;
				GCC_C_LANGUAGE_STANDARD = gnu99;
				GCC_NO_COMMON_BLOCKS = YES;
				GCC_WARN_64_TO_32_BIT_CONVERSION = YES;
				GCC_WARN_ABOUT_RETURN_TYPE = YES_ERROR;
				GCC_WARN_UNDECLARED_SELECTOR = YES;
				GCC_WARN_UNINITIALIZED_AUTOS = YES_AGGRESSIVE;
				GCC_WARN_UNUSED_FUNCTION = YES;
				GCC_WARN_UNUSED_VARIABLE = YES;
				IPHONEOS_DEPLOYMENT_TARGET = 8.0;
				MACOSX_DEPLOYMENT_TARGET = 10.10;
				MTL_ENABLE_DEBUG_INFO = NO;
				SDKROOT = iphoneos;
				SWIFT_INCLUDE_PATHS = "";
				SWIFT_OPTIMIZATION_LEVEL = "-Owholemodule";
				TARGETED_DEVICE_FAMILY = "1,2";
				VALIDATE_PRODUCT = YES;
				VERSIONING_SYSTEM = "apple-generic";
				VERSION_INFO_PREFIX = "";
			};
			name = Release;
		};
		CB9C764D1C1D544A003502B6 /* Debug */ = {
			isa = XCBuildConfiguration;
			buildSettings = {
				CLANG_ENABLE_MODULES = YES;
				"CODE_SIGN_IDENTITY[sdk=iphoneos*]" = "";
				DEFINES_MODULE = YES;
				DYLIB_COMPATIBILITY_VERSION = 1;
				DYLIB_CURRENT_VERSION = 1;
				DYLIB_INSTALL_NAME_BASE = "@rpath";
				INFOPLIST_FILE = HTTPDNS/Info.plist;
				INSTALL_PATH = "$(LOCAL_LIBRARY_DIR)/Frameworks";
				IPHONEOS_DEPLOYMENT_TARGET = 8.0;
				LD_RUNPATH_SEARCH_PATHS = "$(inherited) @executable_path/Frameworks @loader_path/Frameworks";
				MACH_O_TYPE = mh_dylib;
				PRODUCT_BUNDLE_IDENTIFIER = com.yourtion.HTTPDNS;
				PRODUCT_NAME = HTTPDNS;
				SKIP_INSTALL = YES;
				SWIFT_OPTIMIZATION_LEVEL = "-Onone";
				SWIFT_SWIFT3_OBJC_INFERENCE = Off;
				SWIFT_VERSION = 4.0;
			};
			name = Debug;
		};
		CB9C764E1C1D544A003502B6 /* Release */ = {
			isa = XCBuildConfiguration;
			buildSettings = {
				CLANG_ENABLE_MODULES = YES;
				"CODE_SIGN_IDENTITY[sdk=iphoneos*]" = "";
				DEFINES_MODULE = YES;
				DYLIB_COMPATIBILITY_VERSION = 1;
				DYLIB_CURRENT_VERSION = 1;
				DYLIB_INSTALL_NAME_BASE = "@rpath";
				INFOPLIST_FILE = HTTPDNS/Info.plist;
				INSTALL_PATH = "$(LOCAL_LIBRARY_DIR)/Frameworks";
				IPHONEOS_DEPLOYMENT_TARGET = 8.0;
				LD_RUNPATH_SEARCH_PATHS = "$(inherited) @executable_path/Frameworks @loader_path/Frameworks";
				MACH_O_TYPE = mh_dylib;
				PRODUCT_BUNDLE_IDENTIFIER = com.yourtion.HTTPDNS;
				PRODUCT_NAME = HTTPDNS;
				SKIP_INSTALL = YES;
				SWIFT_SWIFT3_OBJC_INFERENCE = Off;
				SWIFT_VERSION = 4.0;
			};
			name = Release;
		};
		CB9C76561C1D5451003502B6 /* Debug */ = {
			isa = XCBuildConfiguration;
			buildSettings = {
				CLANG_ENABLE_MODULES = YES;
				COMBINE_HIDPI_IMAGES = YES;
				DEFINES_MODULE = YES;
				DYLIB_COMPATIBILITY_VERSION = 1;
				DYLIB_CURRENT_VERSION = 1;
				DYLIB_INSTALL_NAME_BASE = "@rpath";
				INFOPLIST_FILE = "$(SRCROOT)/HTTPDNS/Info.plist";
				INSTALL_PATH = "$(LOCAL_LIBRARY_DIR)/Frameworks";
				LD_RUNPATH_SEARCH_PATHS = "$(inherited) @executable_path/Frameworks @loader_path/Frameworks";
				PRODUCT_BUNDLE_IDENTIFIER = com.yourtion.HTTPDNS;
				PRODUCT_NAME = HTTPDNS;
				SDKROOT = macosx;
				SKIP_INSTALL = YES;
				SWIFT_OPTIMIZATION_LEVEL = "-Onone";
				SWIFT_VERSION = 3.0;
			};
			name = Debug;
		};
		CB9C76571C1D5451003502B6 /* Release */ = {
			isa = XCBuildConfiguration;
			buildSettings = {
				CLANG_ENABLE_MODULES = YES;
				COMBINE_HIDPI_IMAGES = YES;
				DEFINES_MODULE = YES;
				DYLIB_COMPATIBILITY_VERSION = 1;
				DYLIB_CURRENT_VERSION = 1;
				DYLIB_INSTALL_NAME_BASE = "@rpath";
				INFOPLIST_FILE = "$(SRCROOT)/HTTPDNS/Info.plist";
				INSTALL_PATH = "$(LOCAL_LIBRARY_DIR)/Frameworks";
				LD_RUNPATH_SEARCH_PATHS = "$(inherited) @executable_path/Frameworks @loader_path/Frameworks";
				PRODUCT_BUNDLE_IDENTIFIER = com.yourtion.HTTPDNS;
				PRODUCT_NAME = HTTPDNS;
				SDKROOT = macosx;
				SKIP_INSTALL = YES;
				SWIFT_VERSION = 3.0;
			};
			name = Release;
		};
/* End XCBuildConfiguration section */

/* Begin XCConfigurationList section */
		CB419F631CC8E57700EF1886 /* Build configuration list for PBXNativeTarget "HTTPDNSTests_iOS" */ = {
			isa = XCConfigurationList;
			buildConfigurations = (
				CB419F641CC8E57700EF1886 /* Debug */,
				CB419F651CC8E57700EF1886 /* Release */,
			);
			defaultConfigurationIsVisible = 0;
			defaultConfigurationName = Release;
		};
		CB5BBFB41C4214E500564786 /* Build configuration list for PBXNativeTarget "HTTPDNSTests_OSX" */ = {
			isa = XCConfigurationList;
			buildConfigurations = (
				CB5BBFB51C4214E500564786 /* Debug */,
				CB5BBFB61C4214E500564786 /* Release */,
			);
			defaultConfigurationIsVisible = 0;
			defaultConfigurationName = Release;
		};
		CB9C763E1C1D544A003502B6 /* Build configuration list for PBXProject "HTTPDNS" */ = {
			isa = XCConfigurationList;
			buildConfigurations = (
				CB9C764A1C1D544A003502B6 /* Debug */,
				CB9C764B1C1D544A003502B6 /* Release */,
			);
			defaultConfigurationIsVisible = 0;
			defaultConfigurationName = Release;
		};
		CB9C764C1C1D544A003502B6 /* Build configuration list for PBXNativeTarget "HTTPDNS_iOS" */ = {
			isa = XCConfigurationList;
			buildConfigurations = (
				CB9C764D1C1D544A003502B6 /* Debug */,
				CB9C764E1C1D544A003502B6 /* Release */,
			);
			defaultConfigurationIsVisible = 0;
			defaultConfigurationName = Release;
		};
		CB9C76551C1D5451003502B6 /* Build configuration list for PBXNativeTarget "HTTPDNS_OSX" */ = {
			isa = XCConfigurationList;
			buildConfigurations = (
				CB9C76561C1D5451003502B6 /* Debug */,
				CB9C76571C1D5451003502B6 /* Release */,
			);
			defaultConfigurationIsVisible = 0;
			defaultConfigurationName = Release;
		};
/* End XCConfigurationList section */
	};
	rootObject = CB9C763B1C1D544A003502B6 /* Project object */;
}
